Microsoft Visual Studio Solution File, Format Version 11.00
# Visual Studio 2008

Project("{FBF9D0FF-DC40-34EE-F9BB-34194EB80E65}") = "Version_1", "Assembly-CSharp.csproj", "{DBDD9544-8C9E-17AD-0E1D-4B45B98666B0}"
EndProject
Global
	GlobalSection(SolutionConfigurationPlatforms) = preSolution
		Debug|Any CPU = Debug|Any CPU
		Release|Any CPU = Release|Any CPU
	EndGlobalSection
	GlobalSection(ProjectConfigurationPlatforms) = postSolution
		{DBDD9544-8C9E-17AD-0E1D-4B45B98666B0}.Debug|Any CPU.ActiveCfg = Debug|Any CPU
		{DBDD9544-8C9E-17AD-0E1D-4B45B98666B0}.Debug|Any CPU.Build.0 = Debug|Any CPU
		{DBDD9544-8C9E-17AD-0E1D-4B45B98666B0}.Release|Any CPU.ActiveCfg = Release|Any CPU
		{DBDD9544-8C9E-17AD-0E1D-4B45B98666B0}.Release|Any CPU.Build.0 = Release|Any CPU
	EndGlobalSection
	GlobalSection(SolutionProperties) = preSolution
		HideSolutionNode = FALSE
	EndGlobalSection
	GlobalSection(MonoDevelopProperties) = preSolution
		StartupItem = Assembly-CSharp.csproj
	EndGlobalSection
EndGlobal
